{
  "name": "taskflow",
  "lockfileVersion": 3,
  "requires": true,
  "packages": {
    "": {
      "dependencies": {
        "skills": "^1.4.3"
      }
    },
    "node_modules/skills": {
      "version": "1.4.3",
      "resolved": "https://registry.npmjs.org/skills/-/skills-1.4.3.tgz",
      "integrity": "sha512-/HCJQSoaXZ1vXiFv/Xd/2ptex1VhPlQf/nbdHBB3b7ZlJJiCFwiKk5RXgmcfF2OcFM0Yz/qtIWCzJ9bHWsrPcQ==",
      "license": "MIT",
      "bin": {
        "add-skill": "bin/cli.mjs",
        "skills": "bin/cli.mjs"
      },
      "engines": {
        "node": ">=18"
      }
    }
  }
}
